
Microsoft Visual Studio Solution File, Format Version 12.00
# Visual Studio Version 16
VisualStudioVersion = 16.0.31313.79
MinimumVisualStudioVersion = 10.0.40219.1
Project("{FAE04EC0-301F-11D3-BF4B-00C04F79EFBC}") = "MapDataPorcess", "MapDataPorcess\MapDataPorcess.csproj", "{86D313E5-B975-4338-B8F3-B2EBBBA488EF}"
EndProject
Global
	GlobalSection(SolutionConfigurationPlatforms) = preSolution
		Debug|Any CPU = Debug|Any CPU
		Release|Any CPU = Release|Any CPU
	EndGlobalSection
	GlobalSection(ProjectConfigurationPlatforms) = postSolution
		{86D313E5-B975-4338-B8F3-B2EBBBA488EF}.Debug|Any CPU.ActiveCfg = Debug|Any CPU
		{86D313E5-B975-4338-B8F3-B2EBBBA488EF}.Debug|Any CPU.Build.0 = Debug|Any CPU
		{86D313E5-B975-4338-B8F3-B2EBBBA488EF}.Release|Any CPU.ActiveCfg = Release|Any CPU
		{86D313E5-B975-4338-B8F3-B2EBBBA488EF}.Release|Any CPU.Build.0 = Release|Any CPU
	EndGlobalSection
	GlobalSection(SolutionProperties) = preSolution
		HideSolutionNode = FALSE
	EndGlobalSection
	GlobalSection(ExtensibilityGlobals) = postSolution
		SolutionGuid = {1AAFB74E-27FD-428F-881A-704FEAC4762C}
	EndGlobalSection
EndGlobal
